
Microsoft Visual Studio Solution File, Format Version 12.00
# Visual Studio Version 17
VisualStudioVersion = 17.1.32414.318
MinimumVisualStudioVersion = 10.0.40219.1
Project("{FAE04EC0-301F-11D3-BF4B-00C04F79EFBC}") = "ProyectoProgramacionIII", "ProyectoProgramacionIII.csproj", "{66F3E5F6-1C07-41C0-B854-399B82A11E78}"
EndProject
Project("{9A19103F-16F7-4668-BE54-9A1E7A4F7556}") = "HamburgerMenuControl", "..\..\..\Downloads\lateral bar\wpf-ui-workshops-master\HamburgerMenuControl\HamburgerMenuControl.csproj", "{F9B34193-E7C0-462A-9E36-242BCAE638AA}"
EndProject
Global
	GlobalSection(SolutionConfigurationPlatforms) = preSolution
		Debug|Any CPU = Debug|Any CPU
		Release|Any CPU = Release|Any CPU
	EndGlobalSection
	GlobalSection(ProjectConfigurationPlatforms) = postSolution
		{66F3E5F6-1C07-41C0-B854-399B82A11E78}.Debug|Any CPU.ActiveCfg = Debug|Any CPU
		{66F3E5F6-1C07-41C0-B854-399B82A11E78}.Debug|Any CPU.Build.0 = Debug|Any CPU
		{66F3E5F6-1C07-41C0-B854-399B82A11E78}.Release|Any CPU.ActiveCfg = Release|Any CPU
		{66F3E5F6-1C07-41C0-B854-399B82A11E78}.Release|Any CPU.Build.0 = Release|Any CPU
		{F9B34193-E7C0-462A-9E36-242BCAE638AA}.Debug|Any CPU.ActiveCfg = Debug|Any CPU
		{F9B34193-E7C0-462A-9E36-242BCAE638AA}.Debug|Any CPU.Build.0 = Debug|Any CPU
		{F9B34193-E7C0-462A-9E36-242BCAE638AA}.Release|Any CPU.ActiveCfg = Release|Any CPU
		{F9B34193-E7C0-462A-9E36-242BCAE638AA}.Release|Any CPU.Build.0 = Release|Any CPU
	EndGlobalSection
	GlobalSection(SolutionProperties) = preSolution
		HideSolutionNode = FALSE
	EndGlobalSection
	GlobalSection(ExtensibilityGlobals) = postSolution
		SolutionGuid = {61E8D096-AF42-4F87-BA8D-E37BF479BD11}
	EndGlobalSection
EndGlobal
